
Microsoft Visual Studio Solution File, Format Version 12.00
# Visual Studio Version 17
VisualStudioVersion = 17.8.34525.116
MinimumVisualStudioVersion = 10.0.40219.1
Project("{FAE04EC0-301F-11D3-BF4B-00C04F79EFBC}") = "VSComMariaDB", "VSComMariaDB.csproj", "{677E161A-66F3-4631-84C6-379408ECA0E8}"
EndProject
Global
	GlobalSection(SolutionConfigurationPlatforms) = preSolution
		Debug|Any CPU = Debug|Any CPU
		Release|Any CPU = Release|Any CPU
	EndGlobalSection
	GlobalSection(ProjectConfigurationPlatforms) = postSolution
		{677E161A-66F3-4631-84C6-379408ECA0E8}.Debug|Any CPU.ActiveCfg = Debug|Any CPU
		{677E161A-66F3-4631-84C6-379408ECA0E8}.Debug|Any CPU.Build.0 = Debug|Any CPU
		{677E161A-66F3-4631-84C6-379408ECA0E8}.Release|Any CPU.ActiveCfg = Release|Any CPU
		{677E161A-66F3-4631-84C6-379408ECA0E8}.Release|Any CPU.Build.0 = Release|Any CPU
	EndGlobalSection
	GlobalSection(SolutionProperties) = preSolution
		HideSolutionNode = FALSE
	EndGlobalSection
	GlobalSection(ExtensibilityGlobals) = postSolution
		SolutionGuid = {1AA0B82E-E8FA-482B-A1F4-03BCD7EE4559}
	EndGlobalSection
EndGlobal
